
Microsoft Visual Studio Solution File, Format Version 12.00
# Visual Studio Version 16
VisualStudioVersion = 16.0.29709.97
MinimumVisualStudioVersion = 10.0.40219.1
Project("{FAE04EC0-301F-11D3-BF4B-00C04F79EFBC}") = "CovidApp", "CovidApp\CovidApp.csproj", "{AE661B14-CBBA-4B0C-A09C-7521FD4AB64E}"
EndProject
Global
	GlobalSection(SolutionConfigurationPlatforms) = preSolution
		Debug|Any CPU = Debug|Any CPU
		Release|Any CPU = Release|Any CPU
	EndGlobalSection
	GlobalSection(ProjectConfigurationPlatforms) = postSolution
		{AE661B14-CBBA-4B0C-A09C-7521FD4AB64E}.Debug|Any CPU.ActiveCfg = Debug|Any CPU
		{AE661B14-CBBA-4B0C-A09C-7521FD4AB64E}.Debug|Any CPU.Build.0 = Debug|Any CPU
		{AE661B14-CBBA-4B0C-A09C-7521FD4AB64E}.Release|Any CPU.ActiveCfg = Release|Any CPU
		{AE661B14-CBBA-4B0C-A09C-7521FD4AB64E}.Release|Any CPU.Build.0 = Release|Any CPU
	EndGlobalSection
	GlobalSection(SolutionProperties) = preSolution
		HideSolutionNode = FALSE
	EndGlobalSection
	GlobalSection(ExtensibilityGlobals) = postSolution
		SolutionGuid = {2B8B68D2-BE13-4888-A79F-6E89915788A4}
	EndGlobalSection
EndGlobal
